
Microsoft Visual Studio Solution File, Format Version 12.00
# Visual Studio 15
VisualStudioVersion = 15.0.27130.2024
MinimumVisualStudioVersion = 10.0.40219.1
Project("{2150E333-8FDC-42A3-9474-1A3956D46DE8}") = "others", "others", "{3E551CDD-C7FA-4F09-A914-6A7E0BD3EAD8}"
EndProject
Project("{FAE04EC0-301F-11D3-BF4B-00C04F79EFBC}") = "BankScrapper.Playground", "others\BankScrapper.Playground\BankScrapper.Playground.csproj", "{F7A8117B-DA50-4008-924D-FEB1B2AD5978}"
EndProject
Project("{2150E333-8FDC-42A3-9474-1A3956D46DE8}") = "src", "src", "{1F165F43-93D6-4ABB-8CE3-CA1BD9C6DE05}"
EndProject
Project("{FAE04EC0-301F-11D3-BF4B-00C04F79EFBC}") = "BankScrapper", "src\BankScrapper\BankScrapper.csproj", "{1416AFDD-4235-49F7-A301-BF0EAF2700ED}"
EndProject
Project("{FAE04EC0-301F-11D3-BF4B-00C04F79EFBC}") = "BankScrapper.BB", "src\BankScrapper.BB\BankScrapper.BB.csproj", "{90D53D8A-988D-4268-9C32-F904429E2376}"
EndProject
Project("{FAE04EC0-301F-11D3-BF4B-00C04F79EFBC}") = "BankScrapper.Utils", "src\BankScrapper.Utils\BankScrapper.Utils.csproj", "{6CF5315B-1B11-4CAE-A4DF-48430CD8C1B5}"
EndProject
Project("{FAE04EC0-301F-11D3-BF4B-00C04F79EFBC}") = "BankScrapper.Web", "src\BankScrapper.Web\BankScrapper.Web.csproj", "{B0FEC4CC-CDD0-45E9-BEB0-09E62A1B9484}"
EndProject
Project("{FAE04EC0-301F-11D3-BF4B-00C04F79EFBC}") = "BankScrapper.Domain", "src\BankScrapper.Domain\BankScrapper.Domain.csproj", "{473BA71A-F006-4B4C-B580-56F32A74513A}"
EndProject
Project("{FAE04EC0-301F-11D3-BF4B-00C04F79EFBC}") = "BankScrapper.Nubank", "BankScrapper.Nubank\BankScrapper.Nubank.csproj", "{B5BF04AD-3014-4F5D-A802-4FE48D084EBE}"
EndProject
Global
	GlobalSection(SolutionConfigurationPlatforms) = preSolution
		Debug|Any CPU = Debug|Any CPU
		Release|Any CPU = Release|Any CPU
	EndGlobalSection
	GlobalSection(ProjectConfigurationPlatforms) = postSolution
		{F7A8117B-DA50-4008-924D-FEB1B2AD5978}.Debug|Any CPU.ActiveCfg = Debug|Any CPU
		{F7A8117B-DA50-4008-924D-FEB1B2AD5978}.Debug|Any CPU.Build.0 = Debug|Any CPU
		{F7A8117B-DA50-4008-924D-FEB1B2AD5978}.Release|Any CPU.ActiveCfg = Release|Any CPU
		{F7A8117B-DA50-4008-924D-FEB1B2AD5978}.Release|Any CPU.Build.0 = Release|Any CPU
		{1416AFDD-4235-49F7-A301-BF0EAF2700ED}.Debug|Any CPU.ActiveCfg = Debug|Any CPU
		{1416AFDD-4235-49F7-A301-BF0EAF2700ED}.Debug|Any CPU.Build.0 = Debug|Any CPU
		{1416AFDD-4235-49F7-A301-BF0EAF2700ED}.Release|Any CPU.ActiveCfg = Release|Any CPU
		{1416AFDD-4235-49F7-A301-BF0EAF2700ED}.Release|Any CPU.Build.0 = Release|Any CPU
		{90D53D8A-988D-4268-9C32-F904429E2376}.Debug|Any CPU.ActiveCfg = Debug|Any CPU
		{90D53D8A-988D-4268-9C32-F904429E2376}.Debug|Any CPU.Build.0 = Debug|Any CPU
		{90D53D8A-988D-4268-9C32-F904429E2376}.Release|Any CPU.ActiveCfg = Release|Any CPU
		{90D53D8A-988D-4268-9C32-F904429E2376}.Release|Any CPU.Build.0 = Release|Any CPU
		{6CF5315B-1B11-4CAE-A4DF-48430CD8C1B5}.Debug|Any CPU.ActiveCfg = Debug|Any CPU
		{6CF5315B-1B11-4CAE-A4DF-48430CD8C1B5}.Debug|Any CPU.Build.0 = Debug|Any CPU
		{6CF5315B-1B11-4CAE-A4DF-48430CD8C1B5}.Release|Any CPU.ActiveCfg = Release|Any CPU
		{6CF5315B-1B11-4CAE-A4DF-48430CD8C1B5}.Release|Any CPU.Build.0 = Release|Any CPU
		{B0FEC4CC-CDD0-45E9-BEB0-09E62A1B9484}.Debug|Any CPU.ActiveCfg = Debug|Any CPU
		{B0FEC4CC-CDD0-45E9-BEB0-09E62A1B9484}.Debug|Any CPU.Build.0 = Debug|Any CPU
		{B0FEC4CC-CDD0-45E9-BEB0-09E62A1B9484}.Release|Any CPU.ActiveCfg = Release|Any CPU
		{B0FEC4CC-CDD0-45E9-BEB0-09E62A1B9484}.Release|Any CPU.Build.0 = Release|Any CPU
		{473BA71A-F006-4B4C-B580-56F32A74513A}.Debug|Any CPU.ActiveCfg = Debug|Any CPU
		{473BA71A-F006-4B4C-B580-56F32A74513A}.Debug|Any CPU.Build.0 = Debug|Any CPU
		{473BA71A-F006-4B4C-B580-56F32A74513A}.Release|Any CPU.ActiveCfg = Release|Any CPU
		{473BA71A-F006-4B4C-B580-56F32A74513A}.Release|Any CPU.Build.0 = Release|Any CPU
		{B5BF04AD-3014-4F5D-A802-4FE48D084EBE}.Debug|Any CPU.ActiveCfg = Debug|Any CPU
		{B5BF04AD-3014-4F5D-A802-4FE48D084EBE}.Debug|Any CPU.Build.0 = Debug|Any CPU
		{B5BF04AD-3014-4F5D-A802-4FE48D084EBE}.Release|Any CPU.ActiveCfg = Release|Any CPU
		{B5BF04AD-3014-4F5D-A802-4FE48D084EBE}.Release|Any CPU.Build.0 = Release|Any CPU
	EndGlobalSection
	GlobalSection(SolutionProperties) = preSolution
		HideSolutionNode = FALSE
	EndGlobalSection
	GlobalSection(NestedProjects) = preSolution
		{F7A8117B-DA50-4008-924D-FEB1B2AD5978} = {3E551CDD-C7FA-4F09-A914-6A7E0BD3EAD8}
		{1416AFDD-4235-49F7-A301-BF0EAF2700ED} = {1F165F43-93D6-4ABB-8CE3-CA1BD9C6DE05}
		{90D53D8A-988D-4268-9C32-F904429E2376} = {1F165F43-93D6-4ABB-8CE3-CA1BD9C6DE05}
		{6CF5315B-1B11-4CAE-A4DF-48430CD8C1B5} = {1F165F43-93D6-4ABB-8CE3-CA1BD9C6DE05}
		{B0FEC4CC-CDD0-45E9-BEB0-09E62A1B9484} = {1F165F43-93D6-4ABB-8CE3-CA1BD9C6DE05}
		{473BA71A-F006-4B4C-B580-56F32A74513A} = {1F165F43-93D6-4ABB-8CE3-CA1BD9C6DE05}
		{B5BF04AD-3014-4F5D-A802-4FE48D084EBE} = {1F165F43-93D6-4ABB-8CE3-CA1BD9C6DE05}
	EndGlobalSection
	GlobalSection(ExtensibilityGlobals) = postSolution
		SolutionGuid = {3DA67812-45AF-4615-AD09-70475946785D}
	EndGlobalSection
EndGlobal
